
Microsoft Visual Studio Solution File, Format Version 12.00
# Visual Studio 2013
VisualStudioVersion = 12.0.40629.0
MinimumVisualStudioVersion = 10.0.40219.1
Project("{FAE04EC0-301F-11D3-BF4B-00C04F79EFBC}") = "attestation_2_3_iiasp", "attestation_2_3_iiasp\attestation_2_3_iiasp.csproj", "{E6B6E0EC-03B4-499F-A61C-859E9C586899}"
EndProject
Project("{FAE04EC0-301F-11D3-BF4B-00C04F79EFBC}") = "attestation_2_1.wpf", "attestation_2_1.wpf\attestation_2_1.wpf.csproj", "{D2FD84FB-D1EC-4EB9-B765-0B2774926A94}"
EndProject
Global
	GlobalSection(SolutionConfigurationPlatforms) = preSolution
		Debug|Any CPU = Debug|Any CPU
		Release|Any CPU = Release|Any CPU
	EndGlobalSection
	GlobalSection(ProjectConfigurationPlatforms) = postSolution
		{E6B6E0EC-03B4-499F-A61C-859E9C586899}.Debug|Any CPU.ActiveCfg = Debug|Any CPU
		{E6B6E0EC-03B4-499F-A61C-859E9C586899}.Debug|Any CPU.Build.0 = Debug|Any CPU
		{E6B6E0EC-03B4-499F-A61C-859E9C586899}.Release|Any CPU.ActiveCfg = Release|Any CPU
		{E6B6E0EC-03B4-499F-A61C-859E9C586899}.Release|Any CPU.Build.0 = Release|Any CPU
		{D2FD84FB-D1EC-4EB9-B765-0B2774926A94}.Debug|Any CPU.ActiveCfg = Debug|Any CPU
		{D2FD84FB-D1EC-4EB9-B765-0B2774926A94}.Debug|Any CPU.Build.0 = Debug|Any CPU
		{D2FD84FB-D1EC-4EB9-B765-0B2774926A94}.Release|Any CPU.ActiveCfg = Release|Any CPU
		{D2FD84FB-D1EC-4EB9-B765-0B2774926A94}.Release|Any CPU.Build.0 = Release|Any CPU
	EndGlobalSection
	GlobalSection(SolutionProperties) = preSolution
		HideSolutionNode = FALSE
	EndGlobalSection
EndGlobal
